
Microsoft Visual Studio Solution File, Format Version 12.00
# Visual Studio Version 17
VisualStudioVersion = 17.14.36414.22 d17.14
MinimumVisualStudioVersion = 10.0.40219.1
Project("{FAE04EC0-301F-11D3-BF4B-00C04F79EFBC}") = "GAM531-A7", "GAM531-A7.csproj", "{5E8EDCC0-417B-4408-8C0D-B2FD78423180}"
EndProject
Global
	GlobalSection(SolutionConfigurationPlatforms) = preSolution
		Debug|Any CPU = Debug|Any CPU
		Release|Any CPU = Release|Any CPU
	EndGlobalSection
	GlobalSection(ProjectConfigurationPlatforms) = postSolution
		{5E8EDCC0-417B-4408-8C0D-B2FD78423180}.Debug|Any CPU.ActiveCfg = Debug|Any CPU
		{5E8EDCC0-417B-4408-8C0D-B2FD78423180}.Debug|Any CPU.Build.0 = Debug|Any CPU
		{5E8EDCC0-417B-4408-8C0D-B2FD78423180}.Release|Any CPU.ActiveCfg = Release|Any CPU
		{5E8EDCC0-417B-4408-8C0D-B2FD78423180}.Release|Any CPU.Build.0 = Release|Any CPU
	EndGlobalSection
	GlobalSection(SolutionProperties) = preSolution
		HideSolutionNode = FALSE
	EndGlobalSection
	GlobalSection(ExtensibilityGlobals) = postSolution
		SolutionGuid = {2D7D35A6-047D-4FA6-BB09-A82E08D239B9}
	EndGlobalSection
EndGlobal
